
Microsoft Visual Studio Solution File, Format Version 12.00
# Visual Studio Version 17
VisualStudioVersion = 17.3.32901.215
MinimumVisualStudioVersion = 10.0.40219.1
Project("{9A19103F-16F7-4668-BE54-9A1E7A4F7556}") = "AppReact", "AppReact\AppReact.csproj", "{69222C6F-511B-4542-8E33-69DFCDDE6E1D}"
EndProject
Project("{9A19103F-16F7-4668-BE54-9A1E7A4F7556}") = "AppReactBL", "AppReactBL\AppReactBL.csproj", "{A2635E2C-CBFC-4A7F-8EAD-7FF52CF1B04E}"
EndProject
Project("{9A19103F-16F7-4668-BE54-9A1E7A4F7556}") = "AppReactDL", "AppReactDL\AppReactDL.csproj", "{80C99EBD-3020-4A22-BB1B-9180624258FE}"
EndProject
Global
	GlobalSection(SolutionConfigurationPlatforms) = preSolution
		Debug|Any CPU = Debug|Any CPU
		Release|Any CPU = Release|Any CPU
	EndGlobalSection
	GlobalSection(ProjectConfigurationPlatforms) = postSolution
		{69222C6F-511B-4542-8E33-69DFCDDE6E1D}.Debug|Any CPU.ActiveCfg = Debug|Any CPU
		{69222C6F-511B-4542-8E33-69DFCDDE6E1D}.Debug|Any CPU.Build.0 = Debug|Any CPU
		{69222C6F-511B-4542-8E33-69DFCDDE6E1D}.Release|Any CPU.ActiveCfg = Release|Any CPU
		{69222C6F-511B-4542-8E33-69DFCDDE6E1D}.Release|Any CPU.Build.0 = Release|Any CPU
		{A2635E2C-CBFC-4A7F-8EAD-7FF52CF1B04E}.Debug|Any CPU.ActiveCfg = Debug|Any CPU
		{A2635E2C-CBFC-4A7F-8EAD-7FF52CF1B04E}.Debug|Any CPU.Build.0 = Debug|Any CPU
		{A2635E2C-CBFC-4A7F-8EAD-7FF52CF1B04E}.Release|Any CPU.ActiveCfg = Release|Any CPU
		{A2635E2C-CBFC-4A7F-8EAD-7FF52CF1B04E}.Release|Any CPU.Build.0 = Release|Any CPU
		{80C99EBD-3020-4A22-BB1B-9180624258FE}.Debug|Any CPU.ActiveCfg = Debug|Any CPU
		{80C99EBD-3020-4A22-BB1B-9180624258FE}.Debug|Any CPU.Build.0 = Debug|Any CPU
		{80C99EBD-3020-4A22-BB1B-9180624258FE}.Release|Any CPU.ActiveCfg = Release|Any CPU
		{80C99EBD-3020-4A22-BB1B-9180624258FE}.Release|Any CPU.Build.0 = Release|Any CPU
	EndGlobalSection
	GlobalSection(SolutionProperties) = preSolution
		HideSolutionNode = FALSE
	EndGlobalSection
	GlobalSection(ExtensibilityGlobals) = postSolution
		SolutionGuid = {FEDED6E7-85F6-4B73-8BDA-F2E273139ECB}
	EndGlobalSection
EndGlobal
